# THIS IS AN AUTOGENERATED FILE. DO NOT EDIT THIS FILE DIRECTLY.
# yarn lockfile v1


"@babel/parser@^7.16.4":
  "integrity" "sha512-9JKn5vN+hDt0Hdqn1PiJ2guflwP+B6Ga8qbDuoF0PzzVhrzsKIJo8yGqVk6CmMHiMei9w1C1Bp9IMJSIK+HPIQ=="
  "resolved" "https://registry.npmmirror.com/@babel/parser/-/parser-7.18.11.tgz"
  "version" "7.18.11"

"@hiveio/hive-js@^2.0.4":
  "integrity" "sha512-Q7/dIhhQyUrY3qgza1PXJoOA8BruBmzZLKd4piceOJf92rptEoRi15hKTLHeXYrhhel/sl8hAqK2ZE/HNR8MFg=="
  "resolved" "https://registry.npmjs.org/@hiveio/hive-js/-/hive-js-2.0.4.tgz"
  "version" "2.0.4"
  dependencies:
    "@steemit/rpc-auth" "^1.1.1"
    "bigi" "^1.4.2"
    "bluebird" "^3.4.6"
    "browserify-aes" "^1.0.6"
    "bs58" "^4.0.0"
    "buffer" "^5.0.6"
    "bytebuffer" "^5.0.1"
    "create-hash" "^1.1.2"
    "create-hmac" "^1.1.4"
    "cross-env" "^5.0.0"
    "cross-fetch" "^3.1.4"
    "debug" "^2.6.8"
    "detect-node" "^2.0.3"
    "ecurve" "^1.0.5"
    "jsbi" "^3.1.4"
    "lodash" "^4.16.4"
    "retry" "^0.12.0"
    "secure-random" "^1.1.2"
    "ws" "^3.3.2"

"@jridgewell/gen-mapping@^0.3.0":
  "version" "0.3.2"
  dependencies:
    "@jridgewell/set-array" "^1.0.1"
    "@jridgewell/sourcemap-codec" "^1.4.10"
    "@jridgewell/trace-mapping" "^0.3.9"

"@jridgewell/resolve-uri@^3.0.3":
  "version" "3.1.0"

"@jridgewell/set-array@^1.0.1":
  "version" "1.1.2"

"@jridgewell/source-map@^0.3.2":
  "version" "0.3.2"
  dependencies:
    "@jridgewell/gen-mapping" "^0.3.0"
    "@jridgewell/trace-mapping" "^0.3.9"

"@jridgewell/sourcemap-codec@^1.4.10":
  "version" "1.4.14"

"@jridgewell/trace-mapping@^0.3.7", "@jridgewell/trace-mapping@^0.3.9":
  "version" "0.3.15"
  dependencies:
    "@jridgewell/resolve-uri" "^3.0.3"
    "@jridgewell/sourcemap-codec" "^1.4.10"

"@mdi/font@5.9.55":
  "integrity" "sha512-jswRF6q3eq8NWpWiqct6q+6Fg/I7nUhrxYJfiEM8JJpap0wVJLQdbKtyS65GdlK7S7Ytnx3TTi/bmw+tBhkGmg=="
  "resolved" "https://registry.npmmirror.com/@mdi/font/-/font-5.9.55.tgz"
  "version" "5.9.55"

"@steemit/libcrypto@^1.0.1":
  "version" "1.0.1"

"@steemit/rpc-auth@^1.1.1":
  "version" "1.1.1"
  dependencies:
    "@steemit/libcrypto" "^1.0.1"

"@supabase/functions-js@^1.3.4":
  "integrity" "sha512-yYVgkECjv7IZEBKBI3EB5Q7R1p0FJ10g8Q9N7SWKIHUU6i6DnbEGHIMFLyQRm1hmiNWD8fL7bRVEYacmTRJhHw=="
  "resolved" "https://registry.npmjs.org/@supabase/functions-js/-/functions-js-1.3.4.tgz"
  "version" "1.3.4"
  dependencies:
    "cross-fetch" "^3.1.5"

"@supabase/gotrue-js@^1.22.21":
  "integrity" "sha512-exbCopLo4tLawKZR25wEdipm+IRVujuqFRR4h2wiXd11YA+N8rfgg/4S4L6BTFHmzV+KMjy0kDF3yMbsjIR/xA=="
  "resolved" "https://registry.npmjs.org/@supabase/gotrue-js/-/gotrue-js-1.22.22.tgz"
  "version" "1.22.22"
  dependencies:
    "cross-fetch" "^3.0.6"

"@supabase/postgrest-js@^0.37.4":
  "integrity" "sha512-x+c2rk1fz9s6f1PrGxCJ0QTUgXPDI0G3ngIqD5sSiXhhCyfl8Q5V92mXl2EYtlDhkiUkjFNrOZFhXVbXOHgvDw=="
  "resolved" "https://registry.npmjs.org/@supabase/postgrest-js/-/postgrest-js-0.37.4.tgz"
  "version" "0.37.4"
  dependencies:
    "cross-fetch" "^3.1.5"

"@supabase/realtime-js@^1.7.4":
  "integrity" "sha512-h/Jk3PCLkIVonsNavof/LvHbvF41UD+D+mWcA3m8yHzJ2TLbV3S4XDYId+A3AkvFOAork7Ns/9O8rK0uY4F4zw=="
  "resolved" "https://registry.npmjs.org/@supabase/realtime-js/-/realtime-js-1.7.4.tgz"
  "version" "1.7.4"
  dependencies:
    "@types/phoenix" "^1.5.4"
    "websocket" "^1.0.34"

"@supabase/storage-js@^1.7.2":
  "integrity" "sha512-jnIZWqOc9TGclOozgX9v/RWGFCgJAyW/yvmauexgRZhWknUXoA4b2i8tj7vfwE0WTvNRuA5JpXID98rfJeSG7Q=="
  "resolved" "https://registry.npmjs.org/@supabase/storage-js/-/storage-js-1.7.3.tgz"
  "version" "1.7.3"
  dependencies:
    "cross-fetch" "^3.1.0"

"@supabase/supabase-js@^1.35.6":
  "integrity" "sha512-KDRXRr+kdGwruIUizZPALbe5YccMYFVyZJf1sFWKLncaLYSFiM6iKFnqCrNeQ4JFoZZiICkiTl1FUuai62jVpg=="
  "resolved" "https://registry.npmjs.org/@supabase/supabase-js/-/supabase-js-1.35.6.tgz"
  "version" "1.35.6"
  dependencies:
    "@supabase/functions-js" "^1.3.4"
    "@supabase/gotrue-js" "^1.22.21"
    "@supabase/postgrest-js" "^0.37.4"
    "@supabase/realtime-js" "^1.7.4"
    "@supabase/storage-js" "^1.7.2"

"@types/eslint-scope@^3.7.3":
  "version" "3.7.4"
  dependencies:
    "@types/eslint" "*"
    "@types/estree" "*"

"@types/eslint@*":
  "version" "8.4.5"
  dependencies:
    "@types/estree" "*"
    "@types/json-schema" "*"

"@types/estree@*", "@types/estree@^0.0.51":
  "version" "0.0.51"

"@types/json-schema@*", "@types/json-schema@^7.0.8":
  "integrity" "sha512-wOuvG1SN4Us4rez+tylwwwCV1psiNVOkJeM3AUWUNWg/jDQY2+HE/444y5gc+jBmRqASOm2Oeh5c1axHobwRKQ=="
  "resolved" "https://registry.npmmirror.com/@types/json-schema/-/json-schema-7.0.11.tgz"
  "version" "7.0.11"

"@types/node@*":
  "version" "18.7.1"

"@types/phoenix@^1.5.4":
  "integrity" "sha512-L5eZmzw89eXBKkiqVBcJfU1QGx9y+wurRIEgt0cuLH0hwNtVUxtx+6cu0R2STwWj468sjXyBYPYDtGclUd1kjQ=="
  "resolved" "https://registry.npmjs.org/@types/phoenix/-/phoenix-1.5.4.tgz"
  "version" "1.5.4"

"@vitejs/plugin-vue@^3.0.2":
  "integrity" "sha512-LAqb+tibmsKmSbxBzsMqWVJe6gDE4BDmFLjIzk4YdHgeiRCTokPbK8yRB3dRxDRwNk4IFwCFVE6+WP+YM0mbJg=="
  "resolved" "https://registry.npmmirror.com/@vitejs/plugin-vue/-/plugin-vue-3.0.2.tgz"
  "version" "3.0.2"

"@vue/compiler-core@3.2.37":
  "integrity" "sha512-81KhEjo7YAOh0vQJoSmAD68wLfYqJvoiD4ulyedzF+OEk/bk6/hx3fTNVfuzugIIaTrOx4PGx6pAiBRe5e9Zmg=="
  "resolved" "https://registry.npmmirror.com/@vue/compiler-core/-/compiler-core-3.2.37.tgz"
  "version" "3.2.37"
  dependencies:
    "@babel/parser" "^7.16.4"
    "@vue/shared" "3.2.37"
    "estree-walker" "^2.0.2"
    "source-map" "^0.6.1"

"@vue/compiler-dom@3.2.37":
  "integrity" "sha512-yxJLH167fucHKxaqXpYk7x8z7mMEnXOw3G2q62FTkmsvNxu4FQSu5+3UMb+L7fjKa26DEzhrmCxAgFLLIzVfqQ=="
  "resolved" "https://registry.npmmirror.com/@vue/compiler-dom/-/compiler-dom-3.2.37.tgz"
  "version" "3.2.37"
  dependencies:
    "@vue/compiler-core" "3.2.37"
    "@vue/shared" "3.2.37"

"@vue/compiler-sfc@3.2.37":
  "integrity" "sha512-+7i/2+9LYlpqDv+KTtWhOZH+pa8/HnX/905MdVmAcI/mPQOBwkHHIzrsEsucyOIZQYMkXUiTkmZq5am/NyXKkg=="
  "resolved" "https://registry.npmmirror.com/@vue/compiler-sfc/-/compiler-sfc-3.2.37.tgz"
  "version" "3.2.37"
  dependencies:
    "@babel/parser" "^7.16.4"
    "@vue/compiler-core" "3.2.37"
    "@vue/compiler-dom" "3.2.37"
    "@vue/compiler-ssr" "3.2.37"
    "@vue/reactivity-transform" "3.2.37"
    "@vue/shared" "3.2.37"
    "estree-walker" "^2.0.2"
    "magic-string" "^0.25.7"
    "postcss" "^8.1.10"
    "source-map" "^0.6.1"

"@vue/compiler-ssr@3.2.37":
  "integrity" "sha512-7mQJD7HdXxQjktmsWp/J67lThEIcxLemz1Vb5I6rYJHR5vI+lON3nPGOH3ubmbvYGt8xEUaAr1j7/tIFWiEOqw=="
  "resolved" "https://registry.npmmirror.com/@vue/compiler-ssr/-/compiler-ssr-3.2.37.tgz"
  "version" "3.2.37"
  dependencies:
    "@vue/compiler-dom" "3.2.37"
    "@vue/shared" "3.2.37"

"@vue/devtools-api@^6.0.0-beta.11":
  "integrity" "sha512-OEgAMeQXvCoJ+1x8WyQuVZzFo0wcyCmUR3baRVLmKBo1LmYZWMlRiXlux5jd0fqVJu6PfDbOrZItVqUEzLobeQ=="
  "resolved" "https://registry.npmjs.org/@vue/devtools-api/-/devtools-api-6.2.1.tgz"
  "version" "6.2.1"

"@vue/reactivity-transform@3.2.37":
  "integrity" "sha512-IWopkKEb+8qpu/1eMKVeXrK0NLw9HicGviJzhJDEyfxTR9e1WtpnnbYkJWurX6WwoFP0sz10xQg8yL8lgskAZg=="
  "resolved" "https://registry.npmmirror.com/@vue/reactivity-transform/-/reactivity-transform-3.2.37.tgz"
  "version" "3.2.37"
  dependencies:
    "@babel/parser" "^7.16.4"
    "@vue/compiler-core" "3.2.37"
    "@vue/shared" "3.2.37"
    "estree-walker" "^2.0.2"
    "magic-string" "^0.25.7"

"@vue/reactivity@3.2.37":
  "integrity" "sha512-/7WRafBOshOc6m3F7plwzPeCu/RCVv9uMpOwa/5PiY1Zz+WLVRWiy0MYKwmg19KBdGtFWsmZ4cD+LOdVPcs52A=="
  "resolved" "https://registry.npmmirror.com/@vue/reactivity/-/reactivity-3.2.37.tgz"
  "version" "3.2.37"
  dependencies:
    "@vue/shared" "3.2.37"

"@vue/runtime-core@3.2.37":
  "integrity" "sha512-JPcd9kFyEdXLl/i0ClS7lwgcs0QpUAWj+SKX2ZC3ANKi1U4DOtiEr6cRqFXsPwY5u1L9fAjkinIdB8Rz3FoYNQ=="
  "resolved" "https://registry.npmmirror.com/@vue/runtime-core/-/runtime-core-3.2.37.tgz"
  "version" "3.2.37"
  dependencies:
    "@vue/reactivity" "3.2.37"
    "@vue/shared" "3.2.37"

"@vue/runtime-dom@3.2.37":
  "integrity" "sha512-HimKdh9BepShW6YozwRKAYjYQWg9mQn63RGEiSswMbW+ssIht1MILYlVGkAGGQbkhSh31PCdoUcfiu4apXJoPw=="
  "resolved" "https://registry.npmmirror.com/@vue/runtime-dom/-/runtime-dom-3.2.37.tgz"
  "version" "3.2.37"
  dependencies:
    "@vue/runtime-core" "3.2.37"
    "@vue/shared" "3.2.37"
    "csstype" "^2.6.8"

"@vue/server-renderer@3.2.37":
  "integrity" "sha512-kLITEJvaYgZQ2h47hIzPh2K3jG8c1zCVbp/o/bzQOyvzaKiCquKS7AaioPI28GNxIsE/zSx+EwWYsNxDCX95MA=="
  "resolved" "https://registry.npmmirror.com/@vue/server-renderer/-/server-renderer-3.2.37.tgz"
  "version" "3.2.37"
  dependencies:
    "@vue/compiler-ssr" "3.2.37"
    "@vue/shared" "3.2.37"

"@vue/shared@3.2.37":
  "integrity" "sha512-4rSJemR2NQIo9Klm1vabqWjD8rs/ZaJSzMxkMNeJS6lHiUjjUeYFbooN19NgFjztubEKh3WlZUeOLVdbbUWHsw=="
  "resolved" "https://registry.npmmirror.com/@vue/shared/-/shared-3.2.37.tgz"
  "version" "3.2.37"

"@vuetify/loader-shared@^1.5.1":
  "integrity" "sha512-3Y1+v1DAi+kr2XRnTo5/o+SRPqrfBV0X0HoGtUUS2BVHKwXoj7cxOBE4zg6rWw7x+mBzDbgcum0zOj9HMx+LJQ=="
  "resolved" "https://registry.npmmirror.com/@vuetify/loader-shared/-/loader-shared-1.5.1.tgz"
  "version" "1.5.1"
  dependencies:
    "find-cache-dir" "^3.3.2"
    "upath" "^2.0.1"

"@webassemblyjs/ast@1.11.1":
  "version" "1.11.1"
  dependencies:
    "@webassemblyjs/helper-numbers" "1.11.1"
    "@webassemblyjs/helper-wasm-bytecode" "1.11.1"

"@webassemblyjs/floating-point-hex-parser@1.11.1":
  "version" "1.11.1"

"@webassemblyjs/helper-api-error@1.11.1":
  "version" "1.11.1"

"@webassemblyjs/helper-buffer@1.11.1":
  "version" "1.11.1"

"@webassemblyjs/helper-numbers@1.11.1":
  "version" "1.11.1"
  dependencies:
    "@webassemblyjs/floating-point-hex-parser" "1.11.1"
    "@webassemblyjs/helper-api-error" "1.11.1"
    "@xtuc/long" "4.2.2"

"@webassemblyjs/helper-wasm-bytecode@1.11.1":
  "version" "1.11.1"

"@webassemblyjs/helper-wasm-section@1.11.1":
  "version" "1.11.1"
  dependencies:
    "@webassemblyjs/ast" "1.11.1"
    "@webassemblyjs/helper-buffer" "1.11.1"
    "@webassemblyjs/helper-wasm-bytecode" "1.11.1"
    "@webassemblyjs/wasm-gen" "1.11.1"

"@webassemblyjs/ieee754@1.11.1":
  "version" "1.11.1"
  dependencies:
    "@xtuc/ieee754" "^1.2.0"

"@webassemblyjs/leb128@1.11.1":
  "version" "1.11.1"
  dependencies:
    "@xtuc/long" "4.2.2"

"@webassemblyjs/utf8@1.11.1":
  "version" "1.11.1"

"@webassemblyjs/wasm-edit@1.11.1":
  "version" "1.11.1"
  dependencies:
    "@webassemblyjs/ast" "1.11.1"
    "@webassemblyjs/helper-buffer" "1.11.1"
    "@webassemblyjs/helper-wasm-bytecode" "1.11.1"
    "@webassemblyjs/helper-wasm-section" "1.11.1"
    "@webassemblyjs/wasm-gen" "1.11.1"
    "@webassemblyjs/wasm-opt" "1.11.1"
    "@webassemblyjs/wasm-parser" "1.11.1"
    "@webassemblyjs/wast-printer" "1.11.1"

"@webassemblyjs/wasm-gen@1.11.1":
  "version" "1.11.1"
  dependencies:
    "@webassemblyjs/ast" "1.11.1"
    "@webassemblyjs/helper-wasm-bytecode" "1.11.1"
    "@webassemblyjs/ieee754" "1.11.1"
    "@webassemblyjs/leb128" "1.11.1"
    "@webassemblyjs/utf8" "1.11.1"

"@webassemblyjs/wasm-opt@1.11.1":
  "version" "1.11.1"
  dependencies:
    "@webassemblyjs/ast" "1.11.1"
    "@webassemblyjs/helper-buffer" "1.11.1"
    "@webassemblyjs/wasm-gen" "1.11.1"
    "@webassemblyjs/wasm-parser" "1.11.1"

"@webassemblyjs/wasm-parser@1.11.1":
  "version" "1.11.1"
  dependencies:
    "@webassemblyjs/ast" "1.11.1"
    "@webassemblyjs/helper-api-error" "1.11.1"
    "@webassemblyjs/helper-wasm-bytecode" "1.11.1"
    "@webassemblyjs/ieee754" "1.11.1"
    "@webassemblyjs/leb128" "1.11.1"
    "@webassemblyjs/utf8" "1.11.1"

"@webassemblyjs/wast-printer@1.11.1":
  "version" "1.11.1"
  dependencies:
    "@webassemblyjs/ast" "1.11.1"
    "@xtuc/long" "4.2.2"

"@xtuc/ieee754@^1.2.0":
  "version" "1.2.0"

"@xtuc/long@4.2.2":
  "version" "4.2.2"

"acorn-import-assertions@^1.7.6":
  "version" "1.8.0"

"acorn@^8", "acorn@^8.5.0", "acorn@^8.7.1":
  "version" "8.8.0"

"ajv-keywords@^3.5.2":
  "integrity" "sha512-5p6WTN0DdTGVQk6VjcEju19IgaHudalcfabD7yhDGeA6bcQnmL+CpveLJq/3hvfwd1aof6L386Ougkx6RfyMIQ=="
  "resolved" "https://registry.npmmirror.com/ajv-keywords/-/ajv-keywords-3.5.2.tgz"
  "version" "3.5.2"

"ajv@^6.12.5", "ajv@^6.9.1":
  "integrity" "sha512-j3fVLgvTo527anyYyJOGTYJbG+vnnQYvE0m5mmkc1TK+nxAppkCLMIL0aZ4dblVCNoGShhm+kzE4ZUykBoMg4g=="
  "resolved" "https://registry.npmmirror.com/ajv/-/ajv-6.12.6.tgz"
  "version" "6.12.6"
  dependencies:
    "fast-deep-equal" "^3.1.1"
    "fast-json-stable-stringify" "^2.0.0"
    "json-schema-traverse" "^0.4.1"
    "uri-js" "^4.2.2"

"async-limiter@~1.0.0":
  "version" "1.0.1"

"balanced-match@^1.0.0":
  "integrity" "sha512-3oSeUO0TMV67hN1AmbXsK4yaqU7tjiHlbxRDZOpH0KW9+CeX4bRAaX0Anxt0tx2MrpRpWwQaPwIlISEJhYU5Pw=="
  "resolved" "https://registry.npmmirror.com/balanced-match/-/balanced-match-1.0.2.tgz"
  "version" "1.0.2"

"base-x@^3.0.2":
  "version" "3.0.9"
  dependencies:
    "safe-buffer" "^5.0.1"

"base64-js@^1.3.1":
  "version" "1.5.1"

"big.js@^5.2.2":
  "integrity" "sha512-vyL2OymJxmarO8gxMr0mhChsO9QGwhynfuu4+MHTAW6czfq9humCB7rKpUjDd9YUiDPU4mzpyupFSvOClAwbmQ=="
  "resolved" "https://registry.npmmirror.com/big.js/-/big.js-5.2.2.tgz"
  "version" "5.2.2"

"bigi@^1.1.0", "bigi@^1.4.2":
  "version" "1.4.2"

"bluebird@^3.4.6":
  "version" "3.7.2"

"brace-expansion@^1.1.7":
  "integrity" "sha512-iCuPHDFgrHX7H2vEI/5xpz07zSHB00TpugqhmYtVmMO6518mCuRMoOYFldEBl0g187ufozdaHgWKcYFb61qGiA=="
  "resolved" "https://registry.npmmirror.com/brace-expansion/-/brace-expansion-1.1.11.tgz"
  "version" "1.1.11"
  dependencies:
    "balanced-match" "^1.0.0"
    "concat-map" "0.0.1"

"browserify-aes@^1.0.6":
  "version" "1.2.0"
  dependencies:
    "buffer-xor" "^1.0.3"
    "cipher-base" "^1.0.0"
    "create-hash" "^1.1.0"
    "evp_bytestokey" "^1.0.3"
    "inherits" "^2.0.1"
    "safe-buffer" "^5.0.1"

"browserslist@^4.14.5", "browserslist@>= 4.21.0":
  "version" "4.21.3"
  dependencies:
    "caniuse-lite" "^1.0.30001370"
    "electron-to-chromium" "^1.4.202"
    "node-releases" "^2.0.6"
    "update-browserslist-db" "^1.0.5"

"bs58@^4.0.0":
  "version" "4.0.1"
  dependencies:
    "base-x" "^3.0.2"

"buffer-from@^1.0.0":
  "version" "1.1.2"

"buffer-xor@^1.0.3":
  "version" "1.0.3"

"buffer@^5.0.6":
  "version" "5.7.1"
  dependencies:
    "base64-js" "^1.3.1"
    "ieee754" "^1.1.13"

"bufferutil@^4.0.1":
  "integrity" "sha512-jduaYOYtnio4aIAyc6UbvPCVcgq7nYpVnucyxr6eCYg/Woad9Hf/oxxBRDnGGjPfjUm6j5O/uBWhIu4iLebFaw=="
  "resolved" "https://registry.npmjs.org/bufferutil/-/bufferutil-4.0.6.tgz"
  "version" "4.0.6"
  dependencies:
    "node-gyp-build" "^4.3.0"

"bytebuffer@^5.0.1":
  "version" "5.0.1"
  dependencies:
    "long" "~3"

"caniuse-lite@^1.0.30001370":
  "version" "1.0.30001375"

"chrome-trace-event@^1.0.2":
  "version" "1.0.3"

"cipher-base@^1.0.0", "cipher-base@^1.0.1", "cipher-base@^1.0.3":
  "version" "1.0.4"
  dependencies:
    "inherits" "^2.0.1"
    "safe-buffer" "^5.0.1"

"commander@^2.20.0":
  "version" "2.20.3"

"commondir@^1.0.1":
  "integrity" "sha512-W9pAhw0ja1Edb5GVdIF1mjZw/ASI0AlShXM83UUGe2DVr5TdAPEA1OA8m/g8zWp9x6On7gqufY+FatDbC3MDQg=="
  "resolved" "https://registry.npmmirror.com/commondir/-/commondir-1.0.1.tgz"
  "version" "1.0.1"

"concat-map@0.0.1":
  "integrity" "sha512-/Srv4dswyQNBfohGpz9o6Yb3Gz3SrUDqBH5rTuhGR7ahtlbYKnVxw2bCFMRljaA7EXHaXZ8wsHdodFvbkhKmqg=="
  "resolved" "https://registry.npmmirror.com/concat-map/-/concat-map-0.0.1.tgz"
  "version" "0.0.1"

"create-hash@^1.1.0", "create-hash@^1.1.2":
  "version" "1.2.0"
  dependencies:
    "cipher-base" "^1.0.1"
    "inherits" "^2.0.1"
    "md5.js" "^1.3.4"
    "ripemd160" "^2.0.1"
    "sha.js" "^2.4.0"

"create-hmac@^1.1.4":
  "version" "1.1.7"
  dependencies:
    "cipher-base" "^1.0.3"
    "create-hash" "^1.1.0"
    "inherits" "^2.0.1"
    "ripemd160" "^2.0.0"
    "safe-buffer" "^5.0.1"
    "sha.js" "^2.4.8"

"cross-env@^5.0.0":
  "version" "5.2.1"
  dependencies:
    "cross-spawn" "^6.0.5"

"cross-fetch@^3.0.6", "cross-fetch@^3.1.0", "cross-fetch@^3.1.4", "cross-fetch@^3.1.5":
  "version" "3.1.5"
  dependencies:
    "node-fetch" "2.6.7"

"cross-spawn@^6.0.5":
  "version" "6.0.5"
  dependencies:
    "nice-try" "^1.0.4"
    "path-key" "^2.0.1"
    "semver" "^5.5.0"
    "shebang-command" "^1.2.0"
    "which" "^1.2.9"

"csstype@^2.6.8":
  "integrity" "sha512-/WwNkdXfckNgw6S5R125rrW8ez139lBHWouiBvX8dfMFtcn6V81REDqnH7+CRpRipfYlyU1CmOnOxrmGcFOjeA=="
  "resolved" "https://registry.npmmirror.com/csstype/-/csstype-2.6.20.tgz"
  "version" "2.6.20"

"d@^1.0.1", "d@1":
  "integrity" "sha512-m62ShEObQ39CfralilEQRjH6oAMtNCV1xJyEx5LpRYUVN+EviphDgUc/F3hnYbADmkiNs67Y+3ylmlG7Lnu+FA=="
  "resolved" "https://registry.npmjs.org/d/-/d-1.0.1.tgz"
  "version" "1.0.1"
  dependencies:
    "es5-ext" "^0.10.50"
    "type" "^1.0.1"

"debug@^2.2.0":
  "integrity" "sha512-bC7ElrdJaJnPbAP+1EotYvqZsb3ecl5wi6Bfi6BJTUcNowp6cvspg0jXznRTKDjm/E7AdgFBVeAPVMNcKGsHMA=="
  "resolved" "https://registry.npmjs.org/debug/-/debug-2.6.9.tgz"
  "version" "2.6.9"
  dependencies:
    "ms" "2.0.0"

"debug@^2.6.8":
  "version" "2.6.9"
  dependencies:
    "ms" "2.0.0"

"debug@^4.3.3":
  "integrity" "sha512-PRWFHuSU3eDtQJPvnNY7Jcket1j0t5OuOsFzPPzsekD52Zl8qUfFIPEiswXqIvHWGVHOgX+7G/vCNNhehwxfkQ=="
  "resolved" "https://registry.npmmirror.com/debug/-/debug-4.3.4.tgz"
  "version" "4.3.4"
  dependencies:
    "ms" "2.1.2"

"detect-node@^2.0.3":
  "version" "2.1.0"

"ecurve@^1.0.5":
  "version" "1.0.6"
  dependencies:
    "bigi" "^1.1.0"
    "safe-buffer" "^5.0.1"

"electron-to-chromium@^1.4.202":
  "version" "1.4.217"

"emojis-list@^3.0.0":
  "integrity" "sha512-/kyM18EfinwXZbno9FyUGeFh87KC8HRQBQGildHZbEuRyWFOmv1U10o9BBp8XVZDVNNuQKyIGIu5ZYAAXJ0V2Q=="
  "resolved" "https://registry.npmmirror.com/emojis-list/-/emojis-list-3.0.0.tgz"
  "version" "3.0.0"

"enhanced-resolve@^5.10.0":
  "version" "5.10.0"
  dependencies:
    "graceful-fs" "^4.2.4"
    "tapable" "^2.2.0"

"es-module-lexer@^0.9.0":
  "version" "0.9.3"

"es5-ext@^0.10.35", "es5-ext@^0.10.50":
  "integrity" "sha512-BHLqn0klhEpnOKSrzn/Xsz2UIW8j+cGmo9JLzr8BiUapV8hPL9+FliFqjwr9ngW7jWdnxv6eO+/LqyhJVqgrjA=="
  "resolved" "https://registry.npmjs.org/es5-ext/-/es5-ext-0.10.62.tgz"
  "version" "0.10.62"
  dependencies:
    "es6-iterator" "^2.0.3"
    "es6-symbol" "^3.1.3"
    "next-tick" "^1.1.0"

"es6-iterator@^2.0.3":
  "integrity" "sha512-zw4SRzoUkd+cl+ZoE15A9o1oQd920Bb0iOJMQkQhl3jNc03YqVjAhG7scf9C5KWRU/R13Orf588uCC6525o02g=="
  "resolved" "https://registry.npmjs.org/es6-iterator/-/es6-iterator-2.0.3.tgz"
  "version" "2.0.3"
  dependencies:
    "d" "1"
    "es5-ext" "^0.10.35"
    "es6-symbol" "^3.1.1"

"es6-symbol@^3.1.1", "es6-symbol@^3.1.3":
  "integrity" "sha512-NJ6Yn3FuDinBaBRWl/q5X/s4koRHBrgKAu+yGI6JCBeiu3qrcbJhwT2GeR/EXVfylRk8dpQVJoLEFhK+Mu31NA=="
  "resolved" "https://registry.npmjs.org/es6-symbol/-/es6-symbol-3.1.3.tgz"
  "version" "3.1.3"
  dependencies:
    "d" "^1.0.1"
    "ext" "^1.1.2"

"esbuild-windows-64@0.14.54":
  "integrity" "sha512-AoHTRBUuYwXtZhjXZbA1pGfTo8cJo3vZIcWGLiUcTNgHpJJMC1rVA44ZereBHMJtotyN71S8Qw0npiCIkW96cQ=="
  "resolved" "https://registry.npmmirror.com/esbuild-windows-64/-/esbuild-windows-64-0.14.54.tgz"
  "version" "0.14.54"

"esbuild@^0.14.47":
  "integrity" "sha512-Cy9llcy8DvET5uznocPyqL3BFRrFXSVqbgpMJ9Wz8oVjZlh/zUSNbPRbov0VX7VxN2JH1Oa0uNxZ7eLRb62pJA=="
  "resolved" "https://registry.npmmirror.com/esbuild/-/esbuild-0.14.54.tgz"
  "version" "0.14.54"
  optionalDependencies:
    "@esbuild/linux-loong64" "0.14.54"
    "esbuild-android-64" "0.14.54"
    "esbuild-android-arm64" "0.14.54"
    "esbuild-darwin-64" "0.14.54"
    "esbuild-darwin-arm64" "0.14.54"
    "esbuild-freebsd-64" "0.14.54"
    "esbuild-freebsd-arm64" "0.14.54"
    "esbuild-linux-32" "0.14.54"
    "esbuild-linux-64" "0.14.54"
    "esbuild-linux-arm" "0.14.54"
    "esbuild-linux-arm64" "0.14.54"
    "esbuild-linux-mips64le" "0.14.54"
    "esbuild-linux-ppc64le" "0.14.54"
    "esbuild-linux-riscv64" "0.14.54"
    "esbuild-linux-s390x" "0.14.54"
    "esbuild-netbsd-64" "0.14.54"
    "esbuild-openbsd-64" "0.14.54"
    "esbuild-sunos-64" "0.14.54"
    "esbuild-windows-32" "0.14.54"
    "esbuild-windows-64" "0.14.54"
    "esbuild-windows-arm64" "0.14.54"

"escalade@^3.1.1":
  "version" "3.1.1"

"eslint-scope@5.1.1":
  "version" "5.1.1"
  dependencies:
    "esrecurse" "^4.3.0"
    "estraverse" "^4.1.1"

"esrecurse@^4.3.0":
  "version" "4.3.0"
  dependencies:
    "estraverse" "^5.2.0"

"estraverse@^4.1.1":
  "version" "4.3.0"

"estraverse@^5.2.0":
  "version" "5.3.0"

"estree-walker@^2.0.2":
  "integrity" "sha512-Rfkk/Mp/DL7JVje3u18FxFujQlTNR2q6QfMSMB7AvCBx91NGj/ba3kCfza0f6dVDbw7YlRf/nDrn7pQrCCyQ/w=="
  "resolved" "https://registry.npmmirror.com/estree-walker/-/estree-walker-2.0.2.tgz"
  "version" "2.0.2"

"events@^3.2.0":
  "version" "3.3.0"

"evp_bytestokey@^1.0.3":
  "version" "1.0.3"
  dependencies:
    "md5.js" "^1.3.4"
    "safe-buffer" "^5.1.1"

"ext@^1.1.2":
  "integrity" "sha512-sdBImtzkq2HpkdRLtlLWDa6w4DX22ijZLKx8BMPUuKe1c5lbN6xwQDQCxSfxBQnHZ13ls/FH0MQZx/q/gr6FQg=="
  "resolved" "https://registry.npmjs.org/ext/-/ext-1.6.0.tgz"
  "version" "1.6.0"
  dependencies:
    "type" "^2.5.0"

"fast-deep-equal@^3.1.1":
  "integrity" "sha512-f3qQ9oQy9j2AhBe/H9VC91wLmKBCCU/gDOnKNAYG5hswO7BLKj09Hc5HYNz9cGI++xlpDCIgDaitVs03ATR84Q=="
  "resolved" "https://registry.npmmirror.com/fast-deep-equal/-/fast-deep-equal-3.1.3.tgz"
  "version" "3.1.3"

"fast-json-stable-stringify@^2.0.0":
  "integrity" "sha512-lhd/wF+Lk98HZoTCtlVraHtfh5XYijIjalXck7saUtuanSDyLMxnHhSXEDJqHxD7msR8D0uCmqlkwjCV8xvwHw=="
  "resolved" "https://registry.npmmirror.com/fast-json-stable-stringify/-/fast-json-stable-stringify-2.1.0.tgz"
  "version" "2.1.0"

"find-cache-dir@^3.3.2":
  "integrity" "sha512-wXZV5emFEjrridIgED11OoUKLxiYjAcqot/NJdAkOhlJ+vGzwhOAfcG5OX1jP+S0PcjEn8bdMJv+g2jwQ3Onig=="
  "resolved" "https://registry.npmmirror.com/find-cache-dir/-/find-cache-dir-3.3.2.tgz"
  "version" "3.3.2"
  dependencies:
    "commondir" "^1.0.1"
    "make-dir" "^3.0.2"
    "pkg-dir" "^4.1.0"

"find-up@^4.0.0":
  "integrity" "sha512-PpOwAdQ/YlXQ2vj8a3h8IipDuYRi3wceVQQGYWxNINccq40Anw7BlsEXCMbt1Zt+OLA6Fq9suIpIWD0OsnISlw=="
  "resolved" "https://registry.npmmirror.com/find-up/-/find-up-4.1.0.tgz"
  "version" "4.1.0"
  dependencies:
    "locate-path" "^5.0.0"
    "path-exists" "^4.0.0"

"fs.realpath@^1.0.0":
  "integrity" "sha512-OO0pH2lK6a0hZnAdau5ItzHPI6pUlvI7jMVnxUQRtw4owF2wk8lOSabtGDCTP4Ggrg2MbGnWO9X8K1t4+fGMDw=="
  "resolved" "https://registry.npmmirror.com/fs.realpath/-/fs.realpath-1.0.0.tgz"
  "version" "1.0.0"

"function-bind@^1.1.1":
  "integrity" "sha512-yIovAzMX49sF8Yl58fSCWJ5svSLuaibPxXQJFLmBObTuCr0Mf1KiPopGM9NiFjiYBCbfaa2Fh6breQ6ANVTI0A=="
  "resolved" "https://registry.npmmirror.com/function-bind/-/function-bind-1.1.1.tgz"
  "version" "1.1.1"

"glob-to-regexp@^0.4.1":
  "version" "0.4.1"

"glob@^7.0.0":
  "integrity" "sha512-nFR0zLpU2YCaRxwoCJvL6UvCH2JFyFVIvwTLsIf21AuHlMskA1hhTdk+LlYJtOlYt9v6dvszD2BGRqBL+iQK9Q=="
  "resolved" "https://registry.npmmirror.com/glob/-/glob-7.2.3.tgz"
  "version" "7.2.3"
  dependencies:
    "fs.realpath" "^1.0.0"
    "inflight" "^1.0.4"
    "inherits" "2"
    "minimatch" "^3.1.1"
    "once" "^1.3.0"
    "path-is-absolute" "^1.0.0"

"graceful-fs@^4.1.2", "graceful-fs@^4.2.4", "graceful-fs@^4.2.9":
  "version" "4.2.10"

"has-flag@^4.0.0":
  "version" "4.0.0"

"has@^1.0.3":
  "integrity" "sha512-f2dvO0VU6Oej7RkWJGrehjbzMAjFp5/VKPp5tTpWIV4JHHZK1/BxbFRtf/siA2SWTe09caDmVtYYzWEIbBS4zw=="
  "resolved" "https://registry.npmmirror.com/has/-/has-1.0.3.tgz"
  "version" "1.0.3"
  dependencies:
    "function-bind" "^1.1.1"

"hash-base@^3.0.0":
  "version" "3.1.0"
  dependencies:
    "inherits" "^2.0.4"
    "readable-stream" "^3.6.0"
    "safe-buffer" "^5.2.0"

"ieee754@^1.1.13":
  "version" "1.2.1"

"inflight@^1.0.4":
  "integrity" "sha512-k92I/b08q4wvFscXCLvqfsHCrjrF7yiXsQuIVvVE7N82W3+aqpzuUdBbfhWcy/FZR3/4IgflMgKLOsvPDrGCJA=="
  "resolved" "https://registry.npmmirror.com/inflight/-/inflight-1.0.6.tgz"
  "version" "1.0.6"
  dependencies:
    "once" "^1.3.0"
    "wrappy" "1"

"inherits@^2.0.1", "inherits@^2.0.3", "inherits@^2.0.4", "inherits@2":
  "integrity" "sha512-k/vGaX4/Yla3WzyMCvTQOXYeIHvqOKtnqBduzTHpzpQZzAskKMhZ2K+EnBiSM9zGSoIFeMpXKxa4dYeZIQqewQ=="
  "resolved" "https://registry.npmmirror.com/inherits/-/inherits-2.0.4.tgz"
  "version" "2.0.4"

"interpret@^1.0.0":
  "integrity" "sha512-agE4QfB2Lkp9uICn7BAqoscw4SZP9kTE2hxiFI3jBPmXJfdqiahTbUuKGsMoN2GtqL9AxhYioAcVvgsb1HvRbA=="
  "resolved" "https://registry.npmmirror.com/interpret/-/interpret-1.4.0.tgz"
  "version" "1.4.0"

"is-core-module@^2.9.0":
  "integrity" "sha512-Erxj2n/LDAZ7H8WNJXd9tw38GYM3dv8rk8Zcs+jJuxYTW7sozH+SS8NtrSjVL1/vpLvWi1hxy96IzjJ3EHTJJg=="
  "resolved" "https://registry.npmmirror.com/is-core-module/-/is-core-module-2.10.0.tgz"
  "version" "2.10.0"
  dependencies:
    "has" "^1.0.3"

"is-typedarray@^1.0.0":
  "integrity" "sha512-cyA56iCMHAh5CdzjJIa4aohJyeO1YbwLi3Jc35MmRU6poroFjIGZzUzupGiRPOjgHg9TLu43xbpwXk523fMxKA=="
  "resolved" "https://registry.npmjs.org/is-typedarray/-/is-typedarray-1.0.0.tgz"
  "version" "1.0.0"

"isexe@^2.0.0":
  "version" "2.0.0"

"jest-worker@^27.4.5":
  "version" "27.5.1"
  dependencies:
    "@types/node" "*"
    "merge-stream" "^2.0.0"
    "supports-color" "^8.0.0"

"jsbi@^3.1.4":
  "version" "3.2.5"

"json-parse-even-better-errors@^2.3.1":
  "version" "2.3.1"

"json-schema-traverse@^0.4.1":
  "integrity" "sha512-xbbCH5dCYU5T8LcEhhuh7HJ88HXuW3qsI3Y0zOZFKfZEHcpWiHU/Jxzk629Brsab/mMiHQti9wMP+845RPe3Vg=="
  "resolved" "https://registry.npmmirror.com/json-schema-traverse/-/json-schema-traverse-0.4.1.tgz"
  "version" "0.4.1"

"json5@^2.1.2":
  "integrity" "sha512-1hqLFMSrGHRHxav9q9gNjJ5EXznIxGVO09xQRrwplcS8qs28pZ8s8hupZAmqDwZUmVZ2Qb2jnyPOWcDH8m8dlA=="
  "resolved" "https://registry.npmmirror.com/json5/-/json5-2.2.1.tgz"
  "version" "2.2.1"

"loader-runner@^4.2.0":
  "version" "4.3.0"

"loader-utils@^2.0.0":
  "integrity" "sha512-TM57VeHptv569d/GKh6TAYdzKblwDNiumOdkFnejjD0XwTH87K90w3O7AiJRqdQoXygvi1VQTJTLGhJl7WqA7A=="
  "resolved" "https://registry.npmmirror.com/loader-utils/-/loader-utils-2.0.2.tgz"
  "version" "2.0.2"
  dependencies:
    "big.js" "^5.2.2"
    "emojis-list" "^3.0.0"
    "json5" "^2.1.2"

"locate-path@^5.0.0":
  "integrity" "sha512-t7hw9pI+WvuwNJXwk5zVHpyhIqzg2qTlklJOf0mVxGSbe3Fp2VieZcduNYjaLDoy6p9uGpQEGWG87WpMKlNq8g=="
  "resolved" "https://registry.npmmirror.com/locate-path/-/locate-path-5.0.0.tgz"
  "version" "5.0.0"
  dependencies:
    "p-locate" "^4.1.0"

"lodash@^4.16.4":
  "version" "4.17.21"

"long@~3":
  "version" "3.2.0"

"lru-cache@^6.0.0":
  "integrity" "sha512-Jo6dJ04CmSjuznwJSS3pUeWmd/H0ffTlkXXgwZi+eq1UCmqQwCh+eLsYOYCwY991i2Fah4h1BEMCx4qThGbsiA=="
  "resolved" "https://registry.npmmirror.com/lru-cache/-/lru-cache-6.0.0.tgz"
  "version" "6.0.0"
  dependencies:
    "yallist" "^4.0.0"

"magic-string@^0.25.7":
  "integrity" "sha512-RmF0AsMzgt25qzqqLc1+MbHmhdx0ojF2Fvs4XnOqz2ZOBXzzkEwc/dJQZCYHAn7v1jbVOjAZfK8msRn4BxO4VQ=="
  "resolved" "https://registry.npmmirror.com/magic-string/-/magic-string-0.25.9.tgz"
  "version" "0.25.9"
  dependencies:
    "sourcemap-codec" "^1.4.8"

"make-dir@^3.0.2":
  "integrity" "sha512-g3FeP20LNwhALb/6Cz6Dd4F2ngze0jz7tbzrD2wAV+o9FeNHe4rL+yK2md0J/fiSf1sa1ADhXqi5+oVwOM/eGw=="
  "resolved" "https://registry.npmmirror.com/make-dir/-/make-dir-3.1.0.tgz"
  "version" "3.1.0"
  dependencies:
    "semver" "^6.0.0"

"md5.js@^1.3.4":
  "version" "1.3.5"
  dependencies:
    "hash-base" "^3.0.0"
    "inherits" "^2.0.1"
    "safe-buffer" "^5.1.2"

"merge-stream@^2.0.0":
  "version" "2.0.0"

"mime-db@1.52.0":
  "version" "1.52.0"

"mime-types@^2.1.27":
  "version" "2.1.35"
  dependencies:
    "mime-db" "1.52.0"

"minimatch@^3.1.1":
  "integrity" "sha512-J7p63hRiAjw1NDEww1W7i37+ByIrOWO5XQQAzZ3VOcL0PNybwpfmV/N05zFAzwQ9USyEcX6t3UO+K5aqBQOIHw=="
  "resolved" "https://registry.npmmirror.com/minimatch/-/minimatch-3.1.2.tgz"
  "version" "3.1.2"
  dependencies:
    "brace-expansion" "^1.1.7"

"ms@2.0.0":
  "integrity" "sha512-Tpp60P6IUJDTuOq/5Z8cdskzJujfwqfOTkrwIwj7IRISpnkJnT6SyJ4PCPnGMoFjC9ddhal5KVIYtAt97ix05A=="
  "resolved" "https://registry.npmjs.org/ms/-/ms-2.0.0.tgz"
  "version" "2.0.0"

"ms@2.1.2":
  "integrity" "sha512-sGkPx+VjMtmA6MX27oA4FBFELFCZZ4S4XqeGOXCv68tT+jb3vk/RyaKWP0PTKyWtmLSM0b+adUTEvbs1PEaH2w=="
  "resolved" "https://registry.npmmirror.com/ms/-/ms-2.1.2.tgz"
  "version" "2.1.2"

"nanoid@^3.3.4":
  "integrity" "sha512-MqBkQh/OHTS2egovRtLk45wEyNXwF+cokD+1YPf9u5VfJiRdAiRwB2froX5Co9Rh20xs4siNPm8naNotSD6RBw=="
  "resolved" "https://registry.npmmirror.com/nanoid/-/nanoid-3.3.4.tgz"
  "version" "3.3.4"

"neo-async@^2.6.2":
  "version" "2.6.2"

"next-tick@^1.1.0":
  "integrity" "sha512-CXdUiJembsNjuToQvxayPZF9Vqht7hewsvy2sOWafLvi2awflj9mOC6bHIg50orX8IJvWKY9wYQ/zB2kogPslQ=="
  "resolved" "https://registry.npmjs.org/next-tick/-/next-tick-1.1.0.tgz"
  "version" "1.1.0"

"nice-try@^1.0.4":
  "version" "1.0.5"

"node-fetch@2.6.7":
  "version" "2.6.7"
  dependencies:
    "whatwg-url" "^5.0.0"

"node-gyp-build@^4.3.0":
  "integrity" "sha512-2iGbaQBV+ITgCz76ZEjmhUKAKVf7xfY1sRl4UiKQspfZMH2h06SyhNsnSVy50cwkFQDGLyif6m/6uFXHkOZ6rg=="
  "resolved" "https://registry.npmjs.org/node-gyp-build/-/node-gyp-build-4.5.0.tgz"
  "version" "4.5.0"

"node-releases@^2.0.6":
  "version" "2.0.6"

"null-loader@^4.0.1":
  "integrity" "sha512-pxqVbi4U6N26lq+LmgIbB5XATP0VdZKOG25DhHi8btMmJJefGArFyDg1yc4U3hWCJbMqSrw0qyrz1UQX+qYXqg=="
  "resolved" "https://registry.npmmirror.com/null-loader/-/null-loader-4.0.1.tgz"
  "version" "4.0.1"
  dependencies:
    "loader-utils" "^2.0.0"
    "schema-utils" "^3.0.0"

"once@^1.3.0":
  "integrity" "sha512-lNaJgI+2Q5URQBkccEKHTQOPaXdUxnZZElQTZY0MFUAuaEqe1E+Nyvgdz/aIyNi6Z9MzO5dv1H8n58/GELp3+w=="
  "resolved" "https://registry.npmmirror.com/once/-/once-1.4.0.tgz"
  "version" "1.4.0"
  dependencies:
    "wrappy" "1"

"p-limit@^2.2.0":
  "integrity" "sha512-//88mFWSJx8lxCzwdAABTJL2MyWB12+eIY7MDL2SqLmAkeKU9qxRvWuSyTjm3FUmpBEMuFfckAIqEaVGUDxb6w=="
  "resolved" "https://registry.npmmirror.com/p-limit/-/p-limit-2.3.0.tgz"
  "version" "2.3.0"
  dependencies:
    "p-try" "^2.0.0"

"p-locate@^4.1.0":
  "integrity" "sha512-R79ZZ/0wAxKGu3oYMlz8jy/kbhsNrS7SKZ7PxEHBgJ5+F2mtFW2fK2cOtBh1cHYkQsbzFV7I+EoRKe6Yt0oK7A=="
  "resolved" "https://registry.npmmirror.com/p-locate/-/p-locate-4.1.0.tgz"
  "version" "4.1.0"
  dependencies:
    "p-limit" "^2.2.0"

"p-try@^2.0.0":
  "integrity" "sha512-R4nPAVTAU0B9D35/Gk3uJf/7XYbQcyohSKdvAxIRSNghFl4e71hVoGnBNQz9cWaXxO2I10KTC+3jMdvvoKw6dQ=="
  "resolved" "https://registry.npmmirror.com/p-try/-/p-try-2.2.0.tgz"
  "version" "2.2.0"

"path-exists@^4.0.0":
  "integrity" "sha512-ak9Qy5Q7jYb2Wwcey5Fpvg2KoAc/ZIhLSLOSBmRmygPsGwkVVt0fZa0qrtMz+m6tJTAHfZQ8FnmB4MG4LWy7/w=="
  "resolved" "https://registry.npmmirror.com/path-exists/-/path-exists-4.0.0.tgz"
  "version" "4.0.0"

"path-is-absolute@^1.0.0":
  "integrity" "sha512-AVbw3UJ2e9bq64vSaS9Am0fje1Pa8pbGqTTsmXfaIiMpnr5DlDhfJOuLj9Sf95ZPVDAUerDfEk88MPmPe7UCQg=="
  "resolved" "https://registry.npmmirror.com/path-is-absolute/-/path-is-absolute-1.0.1.tgz"
  "version" "1.0.1"

"path-key@^2.0.1":
  "version" "2.0.1"

"path-parse@^1.0.7":
  "integrity" "sha512-LDJzPVEEEPR+y48z93A0Ed0yXb8pAByGWo/k5YYdYgpY2/2EsOsksJrq7lOHxryrVOn1ejG6oAp8ahvOIQD8sw=="
  "resolved" "https://registry.npmmirror.com/path-parse/-/path-parse-1.0.7.tgz"
  "version" "1.0.7"

"picocolors@^1.0.0":
  "integrity" "sha512-1fygroTLlHu66zi26VoTDv8yRgm0Fccecssto+MhsZ0D/DGW2sm8E8AjW7NU5VVTRt5GxbeZ5qBuJr+HyLYkjQ=="
  "resolved" "https://registry.npmmirror.com/picocolors/-/picocolors-1.0.0.tgz"
  "version" "1.0.0"

"pkg-dir@^4.1.0":
  "integrity" "sha512-HRDzbaKjC+AOWVXxAU/x54COGeIv9eb+6CkDSQoNTt4XyWoIJvuPsXizxu/Fr23EiekbtZwmh1IcIG/l/a10GQ=="
  "resolved" "https://registry.npmmirror.com/pkg-dir/-/pkg-dir-4.2.0.tgz"
  "version" "4.2.0"
  dependencies:
    "find-up" "^4.0.0"

"postcss@^8.1.10", "postcss@^8.4.16":
  "integrity" "sha512-ipHE1XBvKzm5xI7hiHCZJCSugxvsdq2mPnsq5+UF+VHCjiBvtDrlxJfMBToWaP9D5XlgNmcFGqoHmUn0EYEaRQ=="
  "resolved" "https://registry.npmmirror.com/postcss/-/postcss-8.4.16.tgz"
  "version" "8.4.16"
  dependencies:
    "nanoid" "^3.3.4"
    "picocolors" "^1.0.0"
    "source-map-js" "^1.0.2"

"punycode@^2.1.0":
  "integrity" "sha512-XRsRjdf+j5ml+y/6GKHPZbrF/8p2Yga0JPtdqTIY2Xe5ohJPD9saDJJLPvp9+NSBprVvevdXZybnj2cv8OEd0A=="
  "resolved" "https://registry.npmmirror.com/punycode/-/punycode-2.1.1.tgz"
  "version" "2.1.1"

"randombytes@^2.1.0":
  "version" "2.1.0"
  dependencies:
    "safe-buffer" "^5.1.0"

"readable-stream@^3.6.0":
  "version" "3.6.0"
  dependencies:
    "inherits" "^2.0.3"
    "string_decoder" "^1.1.1"
    "util-deprecate" "^1.0.1"

"rechoir@^0.6.2":
  "integrity" "sha512-HFM8rkZ+i3zrV+4LQjwQ0W+ez98pApMGM3HUrN04j3CqzPOzl9nmP15Y8YXNm8QHGv/eacOVEjqhmWpkRV0NAw=="
  "resolved" "https://registry.npmmirror.com/rechoir/-/rechoir-0.6.2.tgz"
  "version" "0.6.2"
  dependencies:
    "resolve" "^1.1.6"

"resolve@^1.1.6", "resolve@^1.22.1":
  "integrity" "sha512-nBpuuYuY5jFsli/JIs1oldw6fOQCBioohqWZg/2hiaOybXOft4lonv85uDOKXdf8rhyK159cxU5cDcK/NKk8zw=="
  "resolved" "https://registry.npmmirror.com/resolve/-/resolve-1.22.1.tgz"
  "version" "1.22.1"
  dependencies:
    "is-core-module" "^2.9.0"
    "path-parse" "^1.0.7"
    "supports-preserve-symlinks-flag" "^1.0.0"

"retry@^0.12.0":
  "version" "0.12.0"

"ripemd160@^2.0.0", "ripemd160@^2.0.1":
  "version" "2.0.2"
  dependencies:
    "hash-base" "^3.0.0"
    "inherits" "^2.0.1"

"roboto-fontface@*":
  "integrity" "sha512-OlwfYEgA2RdboZohpldlvJ1xngOins5d7ejqnIBWr9KaMxsnBqotpptRXTyfNRLnFpqzX6sTDt+X+a+6udnU8g=="
  "resolved" "https://registry.npmmirror.com/roboto-fontface/-/roboto-fontface-0.10.0.tgz"
  "version" "0.10.0"

"rollup@>=2.75.6 <2.77.0 || ~2.77.0":
  "integrity" "sha512-/qxNTG7FbmefJWoeeYJFbHehJ2HNWnjkAFRKzWN/45eNBBF/r8lo992CwcJXEzyVxs5FmfId+vTSTQDb+bxA+g=="
  "resolved" "https://registry.npmmirror.com/rollup/-/rollup-2.77.3.tgz"
  "version" "2.77.3"
  optionalDependencies:
    "fsevents" "~2.3.2"

"safe-buffer@^5.0.1", "safe-buffer@^5.1.0", "safe-buffer@^5.1.1", "safe-buffer@^5.1.2", "safe-buffer@^5.2.0", "safe-buffer@~5.2.0":
  "version" "5.2.1"

"safe-buffer@~5.1.0":
  "version" "5.1.2"

"schema-utils@^3.0.0", "schema-utils@^3.1.0", "schema-utils@^3.1.1":
  "integrity" "sha512-Y5PQxS4ITlC+EahLuXaY86TXfR7Dc5lw294alXOq86JAHCihAIZfqv8nNCWvaEJvaC51uN9hbLGeV0cFBdH+Fw=="
  "resolved" "https://registry.npmmirror.com/schema-utils/-/schema-utils-3.1.1.tgz"
  "version" "3.1.1"
  dependencies:
    "@types/json-schema" "^7.0.8"
    "ajv" "^6.12.5"
    "ajv-keywords" "^3.5.2"

"secure-random@^1.1.2":
  "version" "1.1.2"

"semver@^5.5.0":
  "version" "5.7.1"

"semver@^6.0.0":
  "integrity" "sha512-b39TBaTSfV6yBrapU89p5fKekE2m/NwnDocOVruQFS1/veMgdzuPcnOM34M6CwxW8jH/lxEa5rBoDeUwu5HHTw=="
  "resolved" "https://registry.npmmirror.com/semver/-/semver-6.3.0.tgz"
  "version" "6.3.0"

"semver@^7.1.2":
  "integrity" "sha512-QlYTucUYOews+WeEujDoEGziz4K6c47V/Bd+LjSSYcA94p+DmINdf7ncaUinThfvZyu13lN9OY1XDxt8C0Tw0g=="
  "resolved" "https://registry.npmmirror.com/semver/-/semver-7.3.7.tgz"
  "version" "7.3.7"
  dependencies:
    "lru-cache" "^6.0.0"

"serialize-javascript@^6.0.0":
  "version" "6.0.0"
  dependencies:
    "randombytes" "^2.1.0"

"sha.js@^2.4.0", "sha.js@^2.4.8":
  "version" "2.4.11"
  dependencies:
    "inherits" "^2.0.1"
    "safe-buffer" "^5.0.1"

"shebang-command@^1.2.0":
  "version" "1.2.0"
  dependencies:
    "shebang-regex" "^1.0.0"

"shebang-regex@^1.0.0":
  "version" "1.0.0"

"shelljs@^0.8.3":
  "integrity" "sha512-TiwcRcrkhHvbrZbnRcFYMLl30Dfov3HKqzp5tO5b4pt6G/SezKcYhmDg15zXVBswHmctSAQKznqNW2LO5tTDow=="
  "resolved" "https://registry.npmmirror.com/shelljs/-/shelljs-0.8.5.tgz"
  "version" "0.8.5"
  dependencies:
    "glob" "^7.0.0"
    "interpret" "^1.0.0"
    "rechoir" "^0.6.2"

"source-map-js@^1.0.2":
  "integrity" "sha512-R0XvVJ9WusLiqTCEiGCmICCMplcCkIwwR11mOSD9CR5u+IXYdiseeEuXCVAjS54zqwkLcPNnmU4OeJ6tUrWhDw=="
  "resolved" "https://registry.npmmirror.com/source-map-js/-/source-map-js-1.0.2.tgz"
  "version" "1.0.2"

"source-map-support@~0.5.20":
  "version" "0.5.21"
  dependencies:
    "buffer-from" "^1.0.0"
    "source-map" "^0.6.0"

"source-map@^0.6.0", "source-map@^0.6.1":
  "integrity" "sha512-UjgapumWlbMhkBgzT7Ykc5YXUT46F0iKu8SGXq0bcwP5dz/h0Plj6enJqjz1Zbq2l5WaqYnrVbwWOWMyF3F47g=="
  "resolved" "https://registry.npmmirror.com/source-map/-/source-map-0.6.1.tgz"
  "version" "0.6.1"

"sourcemap-codec@^1.4.8":
  "integrity" "sha512-9NykojV5Uih4lgo5So5dtw+f0JgJX30KCNI8gwhz2J9A15wD0Ml6tjHKwf6fTSa6fAdVBdZeNOs9eJ71qCk8vA=="
  "resolved" "https://registry.npmmirror.com/sourcemap-codec/-/sourcemap-codec-1.4.8.tgz"
  "version" "1.4.8"

"string_decoder@^1.1.1":
  "version" "1.3.0"
  dependencies:
    "safe-buffer" "~5.2.0"

"supports-color@^8.0.0":
  "version" "8.1.1"
  dependencies:
    "has-flag" "^4.0.0"

"supports-preserve-symlinks-flag@^1.0.0":
  "integrity" "sha512-ot0WnXS9fgdkgIcePe6RHNk1WA8+muPa6cSjeR3V8K27q9BB1rTE3R1p7Hv0z1ZyAc8s6Vvv8DIyWf681MAt0w=="
  "resolved" "https://registry.npmmirror.com/supports-preserve-symlinks-flag/-/supports-preserve-symlinks-flag-1.0.0.tgz"
  "version" "1.0.0"

"tapable@^2.1.1", "tapable@^2.2.0":
  "version" "2.2.1"

"terser-webpack-plugin@^5.1.3":
  "version" "5.3.3"
  dependencies:
    "@jridgewell/trace-mapping" "^0.3.7"
    "jest-worker" "^27.4.5"
    "schema-utils" "^3.1.1"
    "serialize-javascript" "^6.0.0"
    "terser" "^5.7.2"

"terser@^5.4.0", "terser@^5.7.2":
  "version" "5.14.2"
  dependencies:
    "@jridgewell/source-map" "^0.3.2"
    "acorn" "^8.5.0"
    "commander" "^2.20.0"
    "source-map-support" "~0.5.20"

"tr46@~0.0.3":
  "version" "0.0.3"

"type@^1.0.1":
  "integrity" "sha512-+5nt5AAniqsCnu2cEQQdpzCAh33kVx8n0VoFidKpB1dVVLAN/F+bgVOqOJqOnEnrhp222clB5p3vUlD+1QAnfg=="
  "resolved" "https://registry.npmjs.org/type/-/type-1.2.0.tgz"
  "version" "1.2.0"

"type@^2.5.0":
  "integrity" "sha512-dzlvlNlt6AXU7EBSfpAscydQ7gXB+pPGsPnfJnZpiNJBDj7IaJzQlBZYGdEi4R9HmPdBv2XmWJ6YUtoTa7lmCw=="
  "resolved" "https://registry.npmjs.org/type/-/type-2.7.2.tgz"
  "version" "2.7.2"

"typedarray-to-buffer@^3.1.5":
  "integrity" "sha512-zdu8XMNEDepKKR+XYOXAVPtWui0ly0NtohUscw+UmaHiAWT8hrV1rr//H6V+0DvJ3OQ19S979M0laLfX8rm82Q=="
  "resolved" "https://registry.npmjs.org/typedarray-to-buffer/-/typedarray-to-buffer-3.1.5.tgz"
  "version" "3.1.5"
  dependencies:
    "is-typedarray" "^1.0.0"

"ultron@~1.1.0":
  "version" "1.1.1"

"upath@^2.0.1":
  "integrity" "sha512-1uEe95xksV1O0CYKXo8vQvN1JEbtJp7lb7C5U9HMsIp6IVwntkH/oNUzyVNQSd4S1sYk2FpSSW44FqMc8qee5w=="
  "resolved" "https://registry.npmmirror.com/upath/-/upath-2.0.1.tgz"
  "version" "2.0.1"

"update-browserslist-db@^1.0.5":
  "version" "1.0.5"
  dependencies:
    "escalade" "^3.1.1"
    "picocolors" "^1.0.0"

"uri-js@^4.2.2":
  "integrity" "sha512-7rKUyy33Q1yc98pQ1DAmLtwX109F7TIfWlW1Ydo8Wl1ii1SeHieeh0HHfPeL2fMXK6z0s8ecKs9frCuLJvndBg=="
  "resolved" "https://registry.npmmirror.com/uri-js/-/uri-js-4.4.1.tgz"
  "version" "4.4.1"
  dependencies:
    "punycode" "^2.1.0"

"utf-8-validate@^5.0.2":
  "integrity" "sha512-Yek7dAy0v3Kl0orwMlvi7TPtiCNrdfHNd7Gcc/pLq4BLXqfAmd0J7OWMizUQnTTJsyjKn02mU7anqwfmUP4J8Q=="
  "resolved" "https://registry.npmjs.org/utf-8-validate/-/utf-8-validate-5.0.9.tgz"
  "version" "5.0.9"
  dependencies:
    "node-gyp-build" "^4.3.0"

"util-deprecate@^1.0.1":
  "version" "1.0.2"

"vite-plugin-vuetify@^1.0.0-alpha.0", "vite-plugin-vuetify@^1.0.0-alpha.12":
  "integrity" "sha512-hYcxkj5iq9Ecgeddklowf6tvhik9TsVofvR3PisWZJT/eSSL36BUCFulg1vo2DQHJGC/SEaLOWzgRwDbkmwRyA=="
  "resolved" "https://registry.npmmirror.com/vite-plugin-vuetify/-/vite-plugin-vuetify-1.0.0-alpha.14.tgz"
  "version" "1.0.0-alpha.14"
  dependencies:
    "@vuetify/loader-shared" "^1.5.1"
    "debug" "^4.3.3"
    "upath" "^2.0.1"

"vite@^2.7.0 || ^3.0.0", "vite@^3.0.0", "vite@^3.0.6":
  "integrity" "sha512-pjfsWIzfUlQME/VAmU6SsjdHkTt6WAHysuqPkHDcjzNu6IGtxDSZ/VfRYOwHaCqX4M3Ivz0kxuSfAPM6gAIX+w=="
  "resolved" "https://registry.npmmirror.com/vite/-/vite-3.0.6.tgz"
  "version" "3.0.6"
  dependencies:
    "esbuild" "^0.14.47"
    "postcss" "^8.4.16"
    "resolve" "^1.22.1"
    "rollup" ">=2.75.6 <2.77.0 || ~2.77.0"
  optionalDependencies:
    "fsevents" "~2.3.2"

"vue-cli-plugin-vuetify@~2.5.1":
  "integrity" "sha512-OcZ8/bqf84yTbQN+PyRf+8Wvr8czg+u5J4JGVx+Lq5ytsBxTgIUIZ/oMO7j+bd9WCjiKid2l9gZbQYjZABw2+g=="
  "resolved" "https://registry.npmmirror.com/vue-cli-plugin-vuetify/-/vue-cli-plugin-vuetify-2.5.1.tgz"
  "version" "2.5.1"
  dependencies:
    "null-loader" "^4.0.1"
    "semver" "^7.1.2"
    "shelljs" "^0.8.3"

"vue@^3.0.0", "vue@^3.0.2", "vue@^3.2.0", "vue@^3.2.25", "vue@^3.2.37", "vue@3.2.37":
  "integrity" "sha512-bOKEZxrm8Eh+fveCqS1/NkG/n6aMidsI6hahas7pa0w/l7jkbssJVsRhVDs07IdDq7h9KHswZOgItnwJAgtVtQ=="
  "resolved" "https://registry.npmmirror.com/vue/-/vue-3.2.37.tgz"
  "version" "3.2.37"
  dependencies:
    "@vue/compiler-dom" "3.2.37"
    "@vue/compiler-sfc" "3.2.37"
    "@vue/runtime-dom" "3.2.37"
    "@vue/server-renderer" "3.2.37"
    "@vue/shared" "3.2.37"

"vuetify@^3.0.0-beta.0", "vuetify@^3.0.0-beta.4":
  "integrity" "sha512-tLgqYepicB4tz7i91IcvqB/qjCAGPTrIGDP1K412WxH2bvODF2S6cd/NYLBKcOgA4WqmgvzN8qAtHBbEIFXjnw=="
  "resolved" "https://registry.npmmirror.com/vuetify/-/vuetify-3.0.0-beta.7.tgz"
  "version" "3.0.0-beta.7"

"vuex@^4.0.2":
  "integrity" "sha512-M6r8uxELjZIK8kTKDGgZTYX/ahzblnzC4isU1tpmEuOIIKmV+TRdc+H4s8ds2NuZ7wpUTdGRzJRtoj+lI+pc0Q=="
  "resolved" "https://registry.npmjs.org/vuex/-/vuex-4.0.2.tgz"
  "version" "4.0.2"
  dependencies:
    "@vue/devtools-api" "^6.0.0-beta.11"

"watchpack@^2.4.0":
  "version" "2.4.0"
  dependencies:
    "glob-to-regexp" "^0.4.1"
    "graceful-fs" "^4.1.2"

"webfontloader@^1.0.0":
  "integrity" "sha512-Egb0oFEga6f+nSgasH3E0M405Pzn6y3/9tOVanv/DLfa1YBIgcv90L18YyWnvXkRbIM17v5Kv6IT2N6g1x5tvQ=="
  "resolved" "https://registry.npmmirror.com/webfontloader/-/webfontloader-1.6.28.tgz"
  "version" "1.6.28"

"webidl-conversions@^3.0.0":
  "version" "3.0.1"

"webpack-sources@^3.2.3":
  "version" "3.2.3"

"webpack@^4.0.0 || ^5.0.0", "webpack@^5.1.0":
  "version" "5.74.0"
  dependencies:
    "@types/eslint-scope" "^3.7.3"
    "@types/estree" "^0.0.51"
    "@webassemblyjs/ast" "1.11.1"
    "@webassemblyjs/wasm-edit" "1.11.1"
    "@webassemblyjs/wasm-parser" "1.11.1"
    "acorn" "^8.7.1"
    "acorn-import-assertions" "^1.7.6"
    "browserslist" "^4.14.5"
    "chrome-trace-event" "^1.0.2"
    "enhanced-resolve" "^5.10.0"
    "es-module-lexer" "^0.9.0"
    "eslint-scope" "5.1.1"
    "events" "^3.2.0"
    "glob-to-regexp" "^0.4.1"
    "graceful-fs" "^4.2.9"
    "json-parse-even-better-errors" "^2.3.1"
    "loader-runner" "^4.2.0"
    "mime-types" "^2.1.27"
    "neo-async" "^2.6.2"
    "schema-utils" "^3.1.0"
    "tapable" "^2.1.1"
    "terser-webpack-plugin" "^5.1.3"
    "watchpack" "^2.4.0"
    "webpack-sources" "^3.2.3"

"websocket@^1.0.34":
  "integrity" "sha512-PRDso2sGwF6kM75QykIesBijKSVceR6jL2G8NGYyq2XrItNC2P5/qL5XeR056GhA+Ly7JMFvJb9I312mJfmqnQ=="
  "resolved" "https://registry.npmjs.org/websocket/-/websocket-1.0.34.tgz"
  "version" "1.0.34"
  dependencies:
    "bufferutil" "^4.0.1"
    "debug" "^2.2.0"
    "es5-ext" "^0.10.50"
    "typedarray-to-buffer" "^3.1.5"
    "utf-8-validate" "^5.0.2"
    "yaeti" "^0.0.6"

"whatwg-url@^5.0.0":
  "version" "5.0.0"
  dependencies:
    "tr46" "~0.0.3"
    "webidl-conversions" "^3.0.0"

"which@^1.2.9":
  "version" "1.3.1"
  dependencies:
    "isexe" "^2.0.0"

"wrappy@1":
  "integrity" "sha512-l4Sp/DRseor9wL6EvV2+TuQn63dMkPjZ/sp9XkghTEbV9KlPS1xUsZ3u7/IQO4wxtcFB4bgpQPRcR3QCvezPcQ=="
  "resolved" "https://registry.npmmirror.com/wrappy/-/wrappy-1.0.2.tgz"
  "version" "1.0.2"

"ws@^3.3.2":
  "version" "3.3.3"
  dependencies:
    "async-limiter" "~1.0.0"
    "safe-buffer" "~5.1.0"
    "ultron" "~1.1.0"

"yaeti@^0.0.6":
  "integrity" "sha512-MvQa//+KcZCUkBTIC9blM+CU9J2GzuTytsOUwf2lidtvkx/6gnEp1QvJv34t9vdjhFmha/mUiNDbN0D0mJWdug=="
  "resolved" "https://registry.npmjs.org/yaeti/-/yaeti-0.0.6.tgz"
  "version" "0.0.6"

"yallist@^4.0.0":
  "integrity" "sha512-3wdGidZyq5PB084XLES5TpOSRA3wjXAlIWMhum2kRcv/41Sn2emQ0dycQW4uZXLejwKvg6EsvbdlVL+FYEct7A=="
  "resolved" "https://registry.npmmirror.com/yallist/-/yallist-4.0.0.tgz"
  "version" "4.0.0"
